// !$*UTF8*$!
{
	archiveVersion = 1;
	classes = {
	};
	objectVersion = 46;
	objects = {

/* Begin PBXBuildFile section */
		D8A049461DBFB5A40004E055 /* AppDelegate.swift in Sources */ = {isa = PBXBuildFile; fileRef = D8A049451DBFB5A40004E055 /* AppDelegate.swift */; };
		D8A049481DBFB5A40004E055 /* ViewController.swift in Sources */ = {isa = PBXBuildFile; fileRef = D8A049471DBFB5A40004E055 /* ViewController.swift */; };
		D8A0494B1DBFB5A40004E055 /* Main.storyboard in Resources */ = {isa = PBXBuildFile; fileRef = D8A049491DBFB5A40004E055 /* Main.storyboard */; };
		D8A0494D1DBFB5A40004E055 /* Assets.xcassets in Resources */ = {isa = PBXBuildFile; fileRef = D8A0494C1DBFB5A40004E055 /* Assets.xcassets */; };
		D8A049501DBFB5A40004E055 /* LaunchScreen.storyboard in Resources */ = {isa = PBXBuildFile; fileRef = D8A0494E1DBFB5A40004E055 /* LaunchScreen.storyboard */; };
		D8A049581DBFB7CE0004E055 /* Pokemon.swift in Sources */ = {isa = PBXBuildFile; fileRef = D8A049571DBFB7CE0004E055 /* Pokemon.swift */; };
		D8A0495C1DBFC0890004E055 /* NetworkController.swift in Sources */ = {isa = PBXBuildFile; fileRef = D8A0495B1DBFC0890004E055 /* NetworkController.swift */; };
		D8A0495E1DBFC0D70004E055 /* ImageController.swift in Sources */ = {isa = PBXBuildFile; fileRef = D8A0495D1DBFC0D70004E055 /* ImageController.swift */; };
/* End PBXBuildFile section */

/* Begin PBXFileReference section */
		D8A049421DBFB5A40004E055 /* PokedexPt3.app */ = {isa = PBXFileReference; explicitFileType = wrapper.application; includeInIndex = 0; path = PokedexPt3.app; sourceTree = BUILT_PRODUCTS_DIR; };
		D8A049451DBFB5A40004E055 /* AppDelegate.swift */ = {isa = PBXFileReference; lastKnownFileType = sourcecode.swift; path = AppDelegate.swift; sourceTree = "<group>"; };
		D8A049471DBFB5A40004E055 /* ViewController.swift */ = {isa = PBXFileReference; lastKnownFileType = sourcecode.swift; path = ViewController.swift; sourceTree = "<group>"; };
		D8A0494A1DBFB5A40004E055 /* Base */ = {isa = PBXFileReference; lastKnownFileType = file.storyboard; name = Base; path = Base.lproj/Main.storyboard; sourceTree = "<group>"; };
		D8A0494C1DBFB5A40004E055 /* Assets.xcassets */ = {isa = PBXFileReference; lastKnownFileType = folder.assetcatalog; path = Assets.xcassets; sourceTree = "<group>"; };
		D8A0494F1DBFB5A40004E055 /* Base */ = {isa = PBXFileReference; lastKnownFileType = file.storyboard; name = Base; path = Base.lproj/LaunchScreen.storyboard; sourceTree = "<group>"; };
		D8A049511DBFB5A40004E055 /* Info.plist */ = {isa = PBXFileReference; lastKnownFileType = text.plist.xml; path = Info.plist; sourceTree = "<group>"; };
		D8A049571DBFB7CE0004E055 /* Pokemon.swift */ = {isa = PBXFileReference; fileEncoding = 4; lastKnownFileType = sourcecode.swift; path = Pokemon.swift; sourceTree = "<group>"; };
		D8A0495B1DBFC0890004E055 /* NetworkController.swift */ = {isa = PBXFileReference; fileEncoding = 4; lastKnownFileType = sourcecode.swift; path = NetworkController.swift; sourceTree = "<group>"; };
		D8A0495D1DBFC0D70004E055 /* ImageController.swift */ = {isa = PBXFileReference; fileEncoding = 4; lastKnownFileType = sourcecode.swift; path = ImageController.swift; sourceTree = "<group>"; };
/* End PBXFileReference section */

/* Begin PBXFrameworksBuildPhase section */
		D8A0493F1DBFB5A40004E055 /* Frameworks */ = {
			isa = PBXFrameworksBuildPhase;
			buildActionMask = 2147483647;
			files = (
			);
			runOnlyForDeploymentPostprocessing = 0;
		};
/* End PBXFrameworksBuildPhase section */

/* Begin PBXGroup section */
		D8A049391DBFB5A40004E055 = {
			isa = PBXGroup;
			children = (
				D8A049441DBFB5A40004E055 /* PokedexPt3 */,
				D8A049431DBFB5A40004E055 /* Products */,
			);
			sourceTree = "<group>";
		};
		D8A049431DBFB5A40004E055 /* Products */ = {
			isa = PBXGroup;
			children = (
				D8A049421DBFB5A40004E055 /* PokedexPt3.app */,
			);
			name = Products;
			sourceTree = "<group>";
		};
		D8A049441DBFB5A40004E055 /* PokedexPt3 */ = {
			isa = PBXGroup;
			children = (
				D8A0495F1DBFC12F0004E055 /* Network/Image */,
				D8A049451DBFB5A40004E055 /* AppDelegate.swift */,
				D8A049571DBFB7CE0004E055 /* Pokemon.swift */,
				D8A049471DBFB5A40004E055 /* ViewController.swift */,
				D8A049491DBFB5A40004E055 /* Main.storyboard */,
				D8A0494C1DBFB5A40004E055 /* Assets.xcassets */,
				D8A0494E1DBFB5A40004E055 /* LaunchScreen.storyboard */,
				D8A049511DBFB5A40004E055 /* Info.plist */,
			);
			path = PokedexPt3;
			sourceTree = "<group>";
		};
		D8A0495F1DBFC12F0004E055 /* Network/Image */ = {
			isa = PBXGroup;
			children = (
				D8A0495B1DBFC0890004E055 /* NetworkController.swift */,
				D8A0495D1DBFC0D70004E055 /* ImageController.swift */,
			);
			name = Network/Image;
			path = ..;
			sourceTree = "<group>";
		};
/* End PBXGroup section */

/* Begin PBXNativeTarget section */
		D8A049411DBFB5A40004E055 /* PokedexPt3 */ = {
			isa = PBXNativeTarget;
			buildConfigurationList = D8A049541DBFB5A40004E055 /* Build configuration list for PBXNativeTarget "PokedexPt3" */;
			buildPhases = (
				D8A0493E1DBFB5A40004E055 /* Sources */,
				D8A0493F1DBFB5A40004E055 /* Frameworks */,
				D8A049401DBFB5A40004E055 /* Resources */,
			);
			buildRules = (
			);
			dependencies = (
			);
			name = PokedexPt3;
			productName = PokedexPt3;
			productReference = D8A049421DBFB5A40004E055 /* PokedexPt3.app */;
			productType = "com.apple.product-type.application";
		};
/* End PBXNativeTarget section */

/* Begin PBXProject section */
		D8A0493A1DBFB5A40004E055 /* Project object */ = {
			isa = PBXProject;
			attributes = {
				LastSwiftUpdateCheck = 0800;
				LastUpgradeCheck = 0800;
				ORGANIZATIONNAME = NathanHopkins;
				TargetAttributes = {
					D8A049411DBFB5A40004E055 = {
						CreatedOnToolsVersion = 8.0;
						DevelopmentTeam = JYG8DCKTNH;
						ProvisioningStyle = Automatic;
					};
				};
			};
			buildConfigurationList = D8A0493D1DBFB5A40004E055 /* Build configuration list for PBXProject "PokedexPt3" */;
			compatibilityVersion = "Xcode 3.2";
			developmentRegion = English;
			hasScannedForEncodings = 0;
			knownRegions = (
				en,
				Base,
			);
			mainGroup = D8A049391DBFB5A40004E055;
			productRefGroup = D8A049431DBFB5A40004E055 /* Products */;
			projectDirPath = "";
			projectRoot = "";
			targets = (
				D8A049411DBFB5A40004E055 /* PokedexPt3 */,
			);
		};
/* End PBXProject section */

/* Begin PBXResourcesBuildPhase section */
		D8A049401DBFB5A40004E055 /* Resources */ = {
			isa = PBXResourcesBuildPhase;
			buildActionMask = 2147483647;
			files = (
				D8A049501DBFB5A40004E055 /* LaunchScreen.storyboard in Resources */,
				D8A0494D1DBFB5A40004E055 /* Assets.xcassets in Resources */,
				D8A0494B1DBFB5A40004E055 /* Main.storyboard in Resources */,
			);
			runOnlyForDeploymentPostprocessing = 0;
		};
/* End PBXResourcesBuildPhase section */

/* Begin PBXSourcesBuildPhase section */
		D8A0493E1DBFB5A40004E055 /* Sources */ = {
			isa = PBXSourcesBuildPhase;
			buildActionMask = 2147483647;
			files = (
				D8A0495E1DBFC0D70004E055 /* ImageController.swift in Sources */,
				D8A0495C1DBFC0890004E055 /* NetworkController.swift in Sources */,
				D8A049481DBFB5A40004E055 /* ViewController.swift in Sources */,
				D8A049461DBFB5A40004E055 /* AppDelegate.swift in Sources */,
				D8A049581DBFB7CE0004E055 /* Pokemon.swift in Sources */,
			);
			runOnlyForDeploymentPostprocessing = 0;
		};
/* End PBXSourcesBuildPhase section */

/* Begin PBXVariantGroup section */
		D8A049491DBFB5A40004E055 /* Main.storyboard */ = {
			isa = PBXVariantGroup;
			children = (
				D8A0494A1DBFB5A40004E055 /* Base */,
			);
			name = Main.storyboard;
			sourceTree = "<group>";
		};
		D8A0494E1DBFB5A40004E055 /* LaunchScreen.storyboard */ = {
			isa = PBXVariantGroup;
			children = (
				D8A0494F1DBFB5A40004E055 /* Base */,
			);
			name = LaunchScreen.storyboard;
			sourceTree = "<group>";
		};
/* End PBXVariantGroup section */

/* Begin XCBuildConfiguration section */
		D8A049521DBFB5A40004E055 /* Debug */ = {
			isa = XCBuildConfiguration;
			buildSettings = {
				ALWAYS_SEARCH_USER_PATHS = NO;
				CLANG_ANALYZER_NONNULL = YES;
				CLANG_CXX_LANGUAGE_STANDARD = "gnu++0x";
				CLANG_CXX_LIBRARY = "libc++";
				CLANG_ENABLE_MODULES = YES;
				CLANG_ENABLE_OBJC_ARC = YES;
				CLANG_WARN_BOOL_CONVERSION = YES;
				CLANG_WARN_CONSTANT_CONVERSION = YES;
				CLANG_WARN_DIRECT_OBJC_ISA_USAGE = YES_ERROR;
				CLANG_WARN_DOCUMENTATION_COMMENTS = YES;
				CLANG_WARN_EMPTY_BODY = YES;
				CLANG_WARN_ENUM_CONVERSION = YES;
				CLANG_WARN_INFINITE_RECURSION = YES;
				CLANG_WARN_INT_CONVERSION = YES;
				CLANG_WARN_OBJC_ROOT_CLASS = YES_ERROR;
				CLANG_WARN_SUSPICIOUS_MOVES = YES;
				CLANG_WARN_UNREACHABLE_CODE = YES;
				CLANG_WARN__DUPLICATE_METHOD_MATCH = YES;
				"CODE_SIGN_IDENTITY[sdk=iphoneos*]" = "iPhone Developer";
				COPY_PHASE_STRIP = NO;
				DEBUG_INFORMATION_FORMAT = dwarf;
				ENABLE_STRICT_OBJC_MSGSEND = YES;
				ENABLE_TESTABILITY = YES;
				GCC_C_LANGUAGE_STANDARD = gnu99;
				GCC_DYNAMIC_NO_PIC = NO;
				GCC_NO_COMMON_BLOCKS = YES;
				GCC_OPTIMIZATION_LEVEL = 0;
				GCC_PREPROCESSOR_DEFINITIONS = (
					"DEBUG=1",
					"$(inherited)",
				);
				GCC_WARN_64_TO_32_BIT_CONVERSION = YES;
				GCC_WARN_ABOUT_RETURN_TYPE = YES_ERROR;
				GCC_WARN_UNDECLARED_SELECTOR = YES;
				GCC_WARN_UNINITIALIZED_AUTOS = YES_AGGRESSIVE;
				GCC_WARN_UNUSED_FUNCTION = YES;
				GCC_WARN_UNUSED_VARIABLE = YES;
				IPHONEOS_DEPLOYMENT_TARGET = 10.0;
				MTL_ENABLE_DEBUG_INFO = YES;
				ONLY_ACTIVE_ARCH = YES;
				SDKROOT = iphoneos;
				SWIFT_ACTIVE_COMPILATION_CONDITIONS = DEBUG;
				SWIFT_OPTIMIZATION_LEVEL = "-Onone";
				TARGETED_DEVICE_FAMILY = "1,2";
			};
			name = Debug;
		};
		D8A049531DBFB5A40004E055 /* Release */ = {
			isa = XCBuildConfiguration;
			buildSettings = {
				ALWAYS_SEARCH_USER_PATHS = NO;
				CLANG_ANALYZER_NONNULL = YES;
				CLANG_CXX_LANGUAGE_STANDARD = "gnu++0x";
				CLANG_CXX_LIBRARY = "libc++";
				CLANG_ENABLE_MODULES = YES;
				CLANG_ENABLE_OBJC_ARC = YES;
				CLANG_WARN_BOOL_CONVERSION = YES;
				CLANG_WARN_CONSTANT_CONVERSION = YES;
				CLANG_WARN_DIRECT_OBJC_ISA_USAGE = YES_ERROR;
				CLANG_WARN_DOCUMENTATION_COMMENTS = YES;
				CLANG_WARN_EMPTY_BODY = YES;
				CLANG_WARN_ENUM_CONVERSION = YES;
				CLANG_WARN_INFINITE_RECURSION = YES;
				CLANG_WARN_INT_CONVERSION = YES;
				CLANG_WARN_OBJC_ROOT_CLASS = YES_ERROR;
				CLANG_WARN_SUSPICIOUS_MOVES = YES;
				CLANG_WARN_UNREACHABLE_CODE = YES;
				CLANG_WARN__DUPLICATE_METHOD_MATCH = YES;
				"CODE_SIGN_IDENTITY[sdk=iphoneos*]" = "iPhone Developer";
				COPY_PHASE_STRIP = NO;
				DEBUG_INFORMATION_FORMAT = "dwarf-with-dsym";
				ENABLE_NS_ASSERTIONS = NO;
				ENABLE_STRICT_OBJC_MSGSEND = YES;
				GCC_C_LANGUAGE_STANDARD = gnu99;
				GCC_NO_COMMON_BLOCKS = YES;
				GCC_WARN_64_TO_32_BIT_CONVERSION = YES;
				GCC_WARN_ABOUT_RETURN_TYPE = YES_ERROR;
				GCC_WARN_UNDECLARED_SELECTOR = YES;
				GCC_WARN_UNINITIALIZED_AUTOS = YES_AGGRESSIVE;
				GCC_WARN_UNUSED_FUNCTION = YES;
				GCC_WARN_UNUSED_VARIABLE = YES;
				IPHONEOS_DEPLOYMENT_TARGET = 10.0;
				MTL_ENABLE_DEBUG_INFO = NO;
				SDKROOT = iphoneos;
				SWIFT_OPTIMIZATION_LEVEL = "-Owholemodule";
				TARGETED_DEVICE_FAMILY = "1,2";
				VALIDATE_PRODUCT = YES;
			};
			name = Release;
		};
		D8A049551DBFB5A40004E055 /* Debug */ = {
			isa = XCBuildConfiguration;
			buildSettings = {
				ASSETCATALOG_COMPILER_APPICON_NAME = AppIcon;
				DEVELOPMENT_TEAM = JYG8DCKTNH;
				INFOPLIST_FILE = PokedexPt3/Info.plist;
				LD_RUNPATH_SEARCH_PATHS = "$(inherited) @executable_path/Frameworks";
				PRODUCT_BUNDLE_IDENTIFIER = com.NathanHopkins.PokedexPt3;
				PRODUCT_NAME = "$(TARGET_NAME)";
				SWIFT_VERSION = 3.0;
			};
			name = Debug;
		};
		D8A049561DBFB5A40004E055 /* Release */ = {
			isa = XCBuildConfiguration;
			buildSettings = {
				ASSETCATALOG_COMPILER_APPICON_NAME = AppIcon;
				DEVELOPMENT_TEAM = JYG8DCKTNH;
				INFOPLIST_FILE = PokedexPt3/Info.plist;
				LD_RUNPATH_SEARCH_PATHS = "$(inherited) @executable_path/Frameworks";
				PRODUCT_BUNDLE_IDENTIFIER = com.NathanHopkins.PokedexPt3;
				PRODUCT_NAME = "$(TARGET_NAME)";
				SWIFT_VERSION = 3.0;
			};
			name = Release;
		};
/* End XCBuildConfiguration section */

/* Begin XCConfigurationList section */
		D8A0493D1DBFB5A40004E055 /* Build configuration list for PBXProject "PokedexPt3" */ = {
			isa = XCConfigurationList;
			buildConfigurations = (
				D8A049521DBFB5A40004E055 /* Debug */,
				D8A049531DBFB5A40004E055 /* Release */,
			);
			defaultConfigurationIsVisible = 0;
			defaultConfigurationName = Release;
		};
		D8A049541DBFB5A40004E055 /* Build configuration list for PBXNativeTarget "PokedexPt3" */ = {
			isa = XCConfigurationList;
			buildConfigurations = (
				D8A049551DBFB5A40004E055 /* Debug */,
				D8A049561DBFB5A40004E055 /* Release */,
			);
			defaultConfigurationIsVisible = 0;
			defaultConfigurationName = Release;
		};
/* End XCConfigurationList section */
	};
	rootObject = D8A0493A1DBFB5A40004E055 /* Project object */;
}
